github.com/BurntSushi/toml v0.3.1/go.mod h1:xHWCNGjB5oqiDr8zfno3MHue2Ht5sIBksp03qcyfWMU=
github.com/Knetic/govaluate v3.0.0+incompatible/go.mod h1:r7JcOSlj0wfOMncg0iLm8Leh48TZaKVeNIfJntJ2wa0=
github.com/OwnLocal/goes v1.0.0/go.mod h1:8rIFjBGTue3lCU0wplczcUgt9Gxgrkkrw7etMIcn8TM=
github.com/RoaringBitmap/roaring v0.9.4 h1:ckvZSX5gwCRaJYBNe7syNawCU5oruY9gQmjXlp4riwo=
github.com/RoaringBitmap/roaring v0.9.4/go.mod h1:icnadbWcNyfEHlYdr+tDlOTih1Bf/h+rzPpv4sbomAA=
github.com/StackExchange/wmi v1.2.1 h1:VIkavFPXSjcnS+O8yTq7NI32k0R5Aj+v39y29VYDOSA=
github.com/StackExchange/wmi v1.2.1/go.mod h1:rcmrprowKIVzvc+NUiLncP2uuArMWLCbu9SBzvHz7e8=
github.com/armon/consul-api v0.0.0-20180202201655-eb2c6b5be1b6/go.mod h1:grANhF5doyWs3UAsr3K4I6qtAmlQcZDesFNEHPZAzj8=
github.com/asaskevich/govalidator v0.0.0-20190424111038-f61b66f89f4a h1:idn718Q4B6AGu/h5Sxe66HYVdqdGu2l9Iebqhi/AEoA=
github.com/asaskevich/govalidator v0.0.0-20190424111038-f61b66f89f4a/go.mod h1:lB+ZfQJz7igIIfQNfa7Ml4HSf2uFQQRzpGGRXenZAgY=
github.com/astaxie/beego v1.12.0 h1:MRhVoeeye5N+Flul5PoVfD9CslfdoH+xqC/xvSQ5u2Y=
github.com/astaxie/beego v1.12.0/go.mod h1:fysx+LZNZKnvh4GED/xND7jWtjCR6HzydR2Hh2Im57o=
github.com/beego/goyaml2 v0.0.0-20130207012346-5545475820dd/go.mod h1:1b+Y/CofkYwXMUU0OhQqGvsY2Bvgr4j6jfT699wyZKQ=
github.com/beego/x2j v0.0.0-20131220205130-a0352aadc542/go.mod h1:kSeGC/p1AbBiEp5kat81+DSQrZenVBZXklMLaELspWU=
github.com/bits-and-blooms/bitset v1.2.0 h1:Kn4yilvwNtMACtf1eYDlG8H77R07mZSPbMjLyS07ChA=
github.com/bits-and-blooms/bitset v1.2.0/go.mod h1:gIdJ4wp64HaoK2YrL1Q5/N7Y16edYb8uY+O0FJTyyDA=
github.com/blevesearch/bleve/v2 v2.3.1 h1:rbMTDM17tvZ7wTrTp4lJINYRnz57N5oMSw8cYuJ4l0k=
github.com/blevesearch/bleve/v2 v2.3.1/go.mod h1:kAJuWn2L1TNSUyxtPJD4AGma2/PgMSm7GBlx61F9OBs=
github.com/blevesearch/bleve_index_api v1.0.1 h1:nx9++0hnyiGOHJwQQYfsUGzpRdEVE5LsylmmngQvaFk=
github.com/blevesearch/bleve_index_api v1.0.1/go.mod h1:fiwKS0xLEm+gBRgv5mumf0dhgFr2mDgZah1pqv1c1M4=
github.com/blevesearch/go-porterstemmer v1.0.3 h1:GtmsqID0aZdCSNiY8SkuPJ12pD4jI+DdXTAn4YRcHCo=
github.com/blevesearch/go-porterstemmer v1.0.3/go.mod h1:angGc5Ht+k2xhJdZi511LtmxuEf0OVpvUUNrwmM1P7M=
github.com/blevesearch/mmap-go v1.0.2/go.mod h1:ol2qBqYaOUsGdm7aRMRrYGgPvnwLe6Y+7LMvAB5IbSA=
github.com/blevesearch/mmap-go v1.0.3 h1:7QkALgFNooSq3a46AE+pWeKASAZc9SiNFJhDGF1NDx4=
github.com/blevesearch/mmap-go v1.0.3/go.mod h1:pYvKl/grLQrBxuaRYgoTssa4rVujYYeenDp++2E+yvs=
github.com/blevesearch/scorch_segment_api/v2 v2.1.0 h1:NFwteOpZEvJk5Vg0H6gD0hxupsG3JYocE4DBvsA2GZI=
github.com/blevesearch/scorch_segment_api/v2 v2.1.0/go.mod h1:uch7xyyO/Alxkuxa+CGs79vw0QY8BENSBjg6Mw5L5DE=
github.com/blevesearch/segment v0.9.0 h1:5lG7yBCx98or7gK2cHMKPukPZ/31Kag7nONpoBt22Ac=
github.com/blevesearch/segment v0.9.0/go.mod h1:9PfHYUdQCgHktBgvtUOF4x+pc4/l8rdH0u5spnW85UQ=
github.com/blevesearch/snowballstem v0.9.0 h1:lMQ189YspGP6sXvZQ4WZ+MLawfV8wOmPoD/iWeNXm8s=
github.com/blevesearch/snowballstem v0.9.0/go.mod h1:PivSj3JMc8WuaFkTSRDW2SlrulNWPl4ABg1tC/hlgLs=
github.com/blevesearch/upsidedown_store_api v1.0.1 h1:1SYRwyoFLwG3sj0ed89RLtM15amfX2pXlYbFOnF8zNU=
github.com/blevesearch/upsidedown_store_api v1.0.1/go.mod h1:MQDVGpHZrpe3Uy26zJBf/a8h0FZY6xJbthIMm8myH2Q=
github.com/blevesearch/vellum v1.0.7 h1:+vn8rfyCRHxKVRgDLeR0FAXej2+6mEb5Q15aQE/XESQ=
github.com/blevesearch/vellum v1.0.7/go.mod h1:doBZpmRhwTsASB4QdUZANlJvqVAUdUyX0ZK7QJCTeBE=
github.com/blevesearch/zapx/v11 v11.3.3 h1:8vQMO5hdA2qPCmicIMuKS+qcvUAEh6Vcb0uve4Nh8e4=
github.com/blevesearch/zapx/v11 v11.3.3/go.mod h1:YzTfUm4kS3e8OmTXDHVV8OzC5MWPO/VPJZQgPNVb4Lc=
github.com/blevesearch/zapx/v12 v12.3.3 h1:MQO5YNI8MqdPz12ALCoXiJw5cl9QQamYZSp285Z/+Mo=
github.com/blevesearch/zapx/v12 v12.3.3/go.mod h1:RMl6lOZqF+sTxKvhQDJ5yK2LT3Mu7E2p/jGdjAaiRxs=
github.com/blevesearch/zapx/v13 v13.3.3 h1:TS4xpMK1ARPYHq+1WwuEOKMOiwvKpTK3RuWOkKlI7BE=
github.com/blevesearch/zapx/v13 v13.3.3/go.mod h1:eppobNM35U4C22yDvTuxV9xPqo10pwfP/jugL4INWG4=
github.com/blevesearch/zapx/v14 v14.3.3 h1:dqqAzGphKl0yehHKKntDHKlEMhi9B/tJrD4OsWpY7YE=
github.com/blevesearch/zapx/v14 v14.3.3/go.mod h1:zXNcVzukh0AvG57oUtT1T0ndi09H0kELNaNmekEy0jw=
github.com/blevesearch/zapx/v15 v15.3.3 h1:60oE+qsJkveLenJmbc0eaH59GWYCbJJsPDV6Z5hEoYY=
github.com/blevesearch/zapx/v15 v15.3.3/go.mod h1:C+f/97ZzTzK6vt/7sVlZdzZxKu+5+j4SrGCvr9dJzaY=
github.com/bradfitz/gomemcache v0.0.0-20180710155616-bc664df96737 h1:rRISKWyXfVxvoa702s91Zl5oREZTrR3yv+tXrrX7G/g=
github.com/bradfitz/gomemcache v0.0.0-20180710155616-bc664df96737/go.mod h1:PmM6Mmwb0LSuEubjR8N7PtNe1KxZLtOUHtbeikc5h60=
github.com/casbin/casbin v1.7.0/go.mod h1:c67qKN6Oum3UF5Q1+BByfFxkwKvhwW57ITjqwtzR1KE=
github.com/cloudflare/golz4 v0.0.0-20150217214814-ef862a3cdc58/go.mod h1:EOBUe0h4xcZ5GoxqC5SDxFQ8gwyZPKQoEzownBlhI80=
github.com/coreos/etcd v3.3.10+incompatible/go.mod h1:uF7uidLiAD3TWHmW31ZFd/JWoc32PjwdhPthX9715RE=
github.com/coreos/go-etcd v2.0.0+incompatible/go.mod h1:Jez6KQU2B/sWsbdaef3ED8NzMklzPG4d5KIOhIy30Tk=
github.com/coreos/go-semver v0.2.0/go.mod h1:nnelYz7RCh+5ahJtPPxZlU+153eP4D4r3EedlOD2RNk=
github.com/couchbase/ghistogram v0.1.0/go.mod h1:s1Jhy76zqfEecpNWJfWUiKZookAFaiGOEoyzgHt9i7k=
github.com/couchbase/go-couchbase v0.0.0-20181122212707-3e9b6e1258bb/go.mod h1:TWI8EKQMs5u5jLKW/tsb9VwauIrMIxQG1r5fMsswK5U=
github.com/couchbase/gomemcached v0.0.0-20181122193126-5125a94a666c/go.mod h1:srVSlQLB8iXBVXHgnqemxUXqN6FCvClgCMPCsjBDR7c=
github.com/couchbase/goutils v0.0.0-20180530154633-e865a1461c8a/go.mod h1:BQwMFlJzDjFDG3DJUdU0KORxn88UlsOULuxLExMh3Hs=
github.com/couchbase/moss v0.2.0/go.mod h1:9MaHIaRuy9pvLPUJxB8sh8OrLfyDczECVL37grCIubs=
github.com/cpuguy83/go-md2man v1.0.10/go.mod h1:SmD6nW6nTyfqj6ABTjUi3V3JVMnlJmwcJI5acqYI6dE=
github.com/cupcake/rdb v0.0.0-20161107195141-43ba34106c76/go.mod h1:vYwsqCOLxGiisLwp9rITslkFNpZD5rz43tf41QFkTWY=
github.com/davecgh/go-spew v1.1.0/go.mod h1:J7Y8YcW2NihsgmVo/mv3lAwl/skON4iLHjSsI+c5H38=
github.com/davecgh/go-spew v1.1.1 h1:vj9j/u1bqnvCEfJOwUhtlOARqs3+rkHYY13jYWTU97c=
github.com/davecgh/go-spew v1.1.1/go.mod h1:J7Y8YcW2NihsgmVo/mv3lAwl/skON4iLHjSsI+c5H38=
github.com/edsrzf/mmap-go v0.0.0-20170320065105-0bce6a688712/go.mod h1:YO35OhQPt3KJa3ryjFM5Bs14WD66h8eGKpfaBNrHW5M=
github.com/elazarl/go-bindata-assetfs v1.0.0 h1:G/bYguwHIzWq9ZoyUQqrjTmJbbYn3j3CKKpKinvZLFk=
github.com/elazarl/go-bindata-assetfs v1.0.0/go.mod h1:v+YaWX3bdea5J/mo8dSETolEo7R71Vk1u8bnjau5yw4=
github.com/fatih/color v1.7.0 h1:DkWD4oS2D8LGGgTQ6IvwJJXSL5Vp2ffcQg58nFV38Ys=
github.com/fatih/color v1.7.0/go.mod h1:Zm6kSWBoL9eyXnKyktHP6abPY2pDugNf5KwzbycvMj4=
github.com/fsnotify/fsnotify v1.4.7 h1:IXs+QLmnXW2CcXuY+8Mzv/fWEsPGWxqefPtCP5CnV9I=
github.com/fsnotify/fsnotify v1.4.7/go.mod h1:jwhsz4b93w/PPRr/qN1Yymfu8t87LnFCMoQvtojpjFo=
github.com/go-asn1-ber/asn1-ber v1.5.0 h1:/S4hO/AO6tLMlPX0oftGSOcdGJJN/MuYzfgWRMn199E=
github.com/go-asn1-ber/asn1-ber v1.5.0/go.mod h1:hEBeB/ic+5LoWskz+yKT7vGhhPYkProFKoKdwZRWMe0=
github.com/go-ldap/ldap/v3 v3.1.11 h1:EojIR9zHvfQS8LEz+EjvnPSvsfPYS3UioBezeOOskIA=
github.com/go-ldap/ldap/v3 v3.1.11/go.mod h1:dtLsnBXnSLIsMRbCBuRpHflCGaYzZ5jn+x1q7XqMTKU=
github.com/go-ole/go-ole v1.2.5 h1:t4MGB5xEDZvXI+0rMjjsfBsD7yAgp/s9ZDkL1JndXwY=
github.com/go-ole/go-ole v1.2.5/go.mod h1:pprOEPIfldk/42T2oK7lQ4v4JSDwmV0As9GaiUsvbm0=
github.com/go-ozzo/ozzo-validation v3.6.0+incompatible h1:msy24VGS42fKO9K1vLz82/GeYW1cILu7Nuuj1N3BBkE=
github.com/go-ozzo/ozzo-validation v3.6.0+incompatible/go.mod h1:gsEKFIVnabGBt6mXmxK0MoFy+cZoTJY6mu5Ll3LVLBU=
github.com/go-redis/redis v6.14.2+incompatible h1:UE9pLhzmWf+xHNmZsoccjXosPicuiNaInPgym8nzfg0=
github.com/go-redis/redis v6.14.2+incompatible/go.mod h1:NAIEuMOZ/fxfXJIrKDQDz8wamY7mA7PouImQ2Jvg6kA=
github.com/go-sql-driver/mysql v1.4.1 h1:g24URVg0OFbNUTx9qqY1IRZ9D9z3iPyi5zKhQZpNwpA=
github.com/go-sql-driver/mysql v1.4.1/go.mod h1:zAC/RDZ24gD3HViQzih4MyKcchzm+sOG5ZlKdlhCg5w=
github.com/gogo/protobuf v1.1.1/go.mod h1:r8qH/GZQm5c6nD/R0oafs1akxWv10x8SbQlK7atdtwQ=
github.com/golang/protobuf v1.2.0/go.mod h1:6lQm79b+lXiMfvg/cZm0SGofjICqVBUtrP5yJMmIC1U=
github.com/golang/protobuf v1.3.1/go.mod h1:6lQm79b+lXiMfvg/cZm0SGofjICqVBUtrP5yJMmIC1U=
github.com/golang/protobuf v1.3.2 h1:6nsPYzhq5kReh6QImI3k5qWzO4PEbvbIW2cwSfR/6xs=
github.com/golang/protobuf v1.3.2/go.mod h1:6lQm79b+lXiMfvg/cZm0SGofjICqVBUtrP5yJMmIC1U=
github.com/golang/snappy v0.0.0-20180518054509-2e65f85255db/go.mod h1:/XxbfmMg8lxefKM7IXC3fBNl/7bRcc72aCRzEWrmP2Q=
github.com/golang/snappy v0.0.1/go.mod h1:/XxbfmMg8lxefKM7IXC3fBNl/7bRcc72aCRzEWrmP2Q=
github.com/golang/snappy v0.0.2-0.20190904063534-ff6b7dc882cf h1:gFVkHXmVAhEbxZVDln5V9GKrLaluNoFHDbrZwAWZgws=
github.com/golang/snappy v0.0.2-0.20190904063534-ff6b7dc882cf/go.mod h1:/XxbfmMg8lxefKM7IXC3fBNl/7bRcc72aCRzEWrmP2Q=
github.com/gomodule/redigo v2.0.0+incompatible h1:K/R+8tc58AaqLkqG2Ol3Qk+DR/TlNuhuh457pBFPtt0=
github.com/gomodule/redigo v2.0.0+incompatible/go.mod h1:B4C85qUVwatsJoIUNIfCRsp7qO0iAmpGFZ4EELWSbC4=
github.com/hashicorp/hcl v1.0.0/go.mod h1:E5yfLk+7swimpb2L/Alb/PJmXilQ/rhwaUYs4T20WEQ=
github.com/hpcloud/tail v1.0.0 h1:nfCOvKYfkgYP8hkirhJocXT2+zOD8yUNjXaWfTlyFKI=
github.com/hpcloud/tail v1.0.0/go.mod h1:ab1qPbhIpdTxEkNHXyeSf5vhxWSCs/tWer42PpOxQnU=
github.com/inconshreveable/mousetrap v1.0.0/go.mod h1:PxqpIevigyE2G7u3NXJIT2ANytuPF1OarO4DADm73n8=
github.com/kljensen/snowball v0.6.0/go.mod h1:27N7E8fVU5H68RlUmnWwZCfxgt4POBJfENGMvNRhldw=
github.com/kr/pretty v0.1.0 h1:L/CwN0zerZDmRFUapSPitk6f+Q3+0za1rQkzVuMiMFI=
github.com/kr/pretty v0.1.0/go.mod h1:dAy3ld7l9f0ibDNOQOHHMYYIIbhfbHSm3C4ZsoJORNo=
github.com/kr/pty v1.1.1/go.mod h1:pFQYn66WHrOpPYNljwOMqo10TkYh1fy3cYio2l3bCsQ=
github.com/kr/text v0.1.0 h1:45sCR5RtlFHMR4UwH9sdQ5TC8v0qDQCHnXt+kaKSTVE=
github.com/kr/text v0.1.0/go.mod h1:4Jbv+DJW3UT/LiOwJeYQe1efqtUx/iVham/4vfdArNI=
github.com/lib/pq v1.0.0/go.mod h1:5WUZQaWbwv1U+lTReE5YruASi9Al49XbQIvNi/34Woo=
github.com/magiconair/properties v1.8.0/go.mod h1:PppfXfuXeibc/6YijjN8zIbojt8czPbwD3XqdrwzmxQ=
github.com/mattn/go-colorable v0.1.4 h1:snbPLB8fVfU9iwbbo30TPtbLRzwWu6aJS6Xh4eaaviA=
github.com/mattn/go-colorable v0.1.4/go.mod h1:U0ppj6V5qS13XJ6of8GYAs25YV2eR4EVcfRqFIhoBtE=
github.com/mattn/go-isatty v0.0.8/go.mod h1:Iq45c/XA43vh69/j3iqttzPXn0bhXyGjM0Hdxcsrc5s=
github.com/mattn/go-isatty v0.0.10 h1:qxFzApOv4WsAL965uUPIsXzAKCZxN2p9UqdhFS4ZW10=
github.com/mattn/go-isatty v0.0.10/go.mod h1:qgIWMr58cqv1PHHyhnkY9lrL7etaEgOFcMEpPG5Rm84=
github.com/mattn/go-sqlite3 v1.10.0/go.mod h1:FPy6KqzDD04eiIsT53CuJW3U88zkxoIYsOqkbpncsNc=
github.com/mitchellh/go-homedir v1.1.0/go.mod h1:SfyaCUpYCn1Vlf4IUYiD9fPX4A5wJrkLzIz1N1q0pr0=
github.com/mitchellh/mapstructure v1.1.2/go.mod h1:FVVH3fgwuzCH5S8UJGiWEs2h04kUh9fWfEaFds41c1Y=
github.com/mschoch/smat v0.2.0 h1:8imxQsjDm8yFEAVBe7azKmKSgzSkZXDuKkSq9374khM=
github.com/mschoch/smat v0.2.0/go.mod h1:kc9mz7DoBKqDyiRL7VZN8KvXQMWeTaVnttLRXOlotKw=
github.com/onsi/ginkgo v1.6.0/go.mod h1:lLunBs/Ym6LB5Z9jYTR76FiuTmxDTDusOGeTQH+WWjE=
github.com/onsi/ginkgo v1.7.0/go.mod h1:lLunBs/Ym6LB5Z9jYTR76FiuTmxDTDusOGeTQH+WWjE=
github.com/onsi/ginkgo v1.10.3 h1:OoxbjfXVZyod1fmWYhI7SEyaD8B00ynP3T+D5GiyHOY=
github.com/onsi/ginkgo v1.10.3/go.mod h1:lLunBs/Ym6LB5Z9jYTR76FiuTmxDTDusOGeTQH+WWjE=
github.com/onsi/gomega v1.4.3/go.mod h1:ex+gbHU/CVuBBDIJjb2X0qEXbFg53c61hWP/1CpauHY=
github.com/onsi/gomega v1.7.1 h1:K0jcRCwNQM3vFGh1ppMtDh/+7ApJrjldlX8fA0jDTLQ=
github.com/onsi/gomega v1.7.1/go.mod h1:XdKZgCCFLUoM/7CFJVPcG8C1xQ1AJ0vpAezJrB7JYyY=
github.com/pelletier/go-toml v1.2.0/go.mod h1:5z9KED0ma1S8pY6P1sdut58dfprrGBbd/94hg7ilaic=
github.com/pkg/errors v0.8.0/go.mod h1:bwawxfHBFNV+L2hUp1rHADufV3IMtnDRdf1r5NINEl0=
github.com/pmezard/go-difflib v1.0.0 h1:4DBwDE0NGyQoBHbLQYPwSUPoCMWR5BEzIk/f1lZbAQM=
github.com/pmezard/go-difflib v1.0.0/go.mod h1:iKH77koFhYxTK1pcRnkKkqfTogsbg7gZNVY4sRDYZ/4=
github.com/rcrowley/go-metrics v0.0.0-20190826022208-cac0b30c2563/go.mod h1:bCqnVzQkZxMG4s8nGwiZ5l3QUCyqpo9Y+/ZMZ9VjZe4=
github.com/russross/blackfriday v1.5.2/go.mod h1:JO/DiYxRf+HjHt06OyowR9PTA263kcR/rfWxYHBV53g=
github.com/shiena/ansicolor v0.0.0-20151119151921-a422bbe96644 h1:X+yvsM2yrEktyI+b2qND5gpH8YhURn0k8OCaeRnkINo=
github.com/shiena/ansicolor v0.0.0-20151119151921-a422bbe96644/go.mod h1:nkxAfR/5quYxwPZhyDxgasBMnRtBZd0FCEpawpjMUFg=
github.com/shirou/gopsutil v2.19.11+incompatible h1:lJHR0foqAjI4exXqWsU3DbH7bX1xvdhGdnXTIARA9W4=
github.com/shirou/gopsutil v2.19.11+incompatible/go.mod h1:5b4v6he4MtMOwMlS0TUMTu2PcXUg8+E1lC7eC3UO/RA=
github.com/shirou/w32 v0.0.0-20160930032740-bb4de0191aa4 h1:udFKJ0aHUL60LboW/A+DfgoHVedieIzIXE8uylPue0U=
github.com/shirou/w32 v0.0.0-20160930032740-bb4de0191aa4/go.mod h1:qsXQc7+bwAM3Q1u/4XEfrquwF8Lw7D7y5cD8CuHnfIc=
github.com/shurcooL/sanitized_anchor_name v1.0.0 h1:PdmoCO6wvbs+7yrJyMORt4/BmY5IYyJwS/kOiWx8mHo=
github.com/shurcooL/sanitized_anchor_name v1.0.0/go.mod h1:1NzhyTcUVG4SuEtjjoZeVRXNmyL/1OwPU0+IJeTBvfc=
github.com/siddontang/go v0.0.0-20180604090527-bdc77568d726/go.mod h1:3yhqj7WBBfRhbBlzyOC3gUxftwsU0u8gqevxwIHQpMw=
github.com/siddontang/ledisdb v0.0.0-20181029004158-becf5f38d373/go.mod h1:mF1DpOSOUiJRMR+FDqaqu3EBqrybQtrDDszLUZ6oxPg=
github.com/siddontang/rdb v0.0.0-20150307021120-fc89ed2e418d/go.mod h1:AMEsy7v5z92TR1JKMkLLoaOQk++LVnOKL3ScbJ8GNGA=
github.com/snail007/go-activerecord v0.0.0-20190813031814-2ac2f3d7cff0 h1:zru9A2cEdHTi1ly8KaAMMw8sS93U2nB1LSvc+YwUCc4=
github.com/snail007/go-activerecord v0.0.0-20190813031814-2ac2f3d7cff0/go.mod h1:2oXFU20cqErcrOV0B5VjMDuEZBcT9RUUL89uBR3QjsE=
github.com/spf13/afero v1.1.2/go.mod h1:j4pytiNVoe2o6bmDsKpLACNPDBIoEAkihy7loJ1B0CQ=
github.com/spf13/cast v1.3.0/go.mod h1:Qx5cxh0v+4UWYiBimWS+eyWzqEqokIECu5etghLkUJE=
github.com/spf13/cobra v0.0.5/go.mod h1:3K3wKZymM7VvHMDS9+Akkh4K60UwM26emMESw8tLCHU=
github.com/spf13/jwalterweatherman v1.0.0/go.mod h1:cQK4TGJAtQXfYWX+Ddv3mKDzgVb68N+wFjFa4jdeBTo=
github.com/spf13/pflag v1.0.3/go.mod h1:DYY7MBk1bdzusC3SYhjObp+wFpr4gzcvqqNjLnInEg4=
github.com/spf13/viper v1.3.2/go.mod h1:ZiWeW+zYFKm7srdB9IoDzzZXaJaI5eL9QjNiN/DMA2s=
github.com/ssdb/gossdb v0.0.0-20180723034631-88f6b59b84ec/go.mod h1:QBvMkMya+gXctz3kmljlUCu/yB3GZ6oee+dUozsezQE=
github.com/steveyen/gtreap v0.1.0 h1:CjhzTa274PyJLJuMZwIzCO1PfC00oRa8d1Kc78bFXJM=
github.com/steveyen/gtreap v0.1.0/go.mod h1:kl/5J7XbrOmlIbYIXdRHDDE5QxHqpk0cmkT7Z4dM9/Y=
github.com/stretchr/objx v0.1.0/go.mod h1:HFkY916IF+rwdDfMAkV7OtwuqBVzrE8GR6GFx+wExME=
github.com/stretchr/testify v1.2.2/go.mod h1:a8OnRcib4nhh0OaRAV+Yts87kKdq0PP7pXfy6kDkUVs=
github.com/stretchr/testify v1.4.0/go.mod h1:j7eGeouHqKxXV5pUuKE4zz7dFj8WfuZ+81PSLYec5m4=
github.com/stretchr/testify v1.7.1 h1:5TQK59W5E3v0r2duFAb7P95B6hEeOyEnHRa8MjYSMTY=
github.com/stretchr/testify v1.7.1/go.mod h1:6Fq8oRcR53rry900zMqJjRRixrwX3KX962/h/Wwjteg=
github.com/syndtr/goleveldb v0.0.0-20181127023241-353a9fca669c/go.mod h1:Z4AUp2Km+PwemOoO/VB5AOx9XSsIItzFjoJlOSiYmn0=
github.com/syndtr/goleveldb v1.0.0/go.mod h1:ZVVdQEZoIme9iO1Ch2Jdy24qqXrMMOU6lpPAyBWyWuQ=
github.com/ugorji/go/codec v0.0.0-20181204163529-d75b2dcb6bc8/go.mod h1:VFNgLljTbGfSG7qAOspJ7OScBnGdDN/yBr0sguwnwf0=
github.com/wendal/errors v0.0.0-20130201093226-f66c77a7882b/go.mod h1:Q12BUT7DqIlHRmgv3RskH+UCM/4eqVMgI0EMmlSpAXc=
github.com/xordataexchange/crypt v0.0.3-0.20170626215501-b2862e3d0a77/go.mod h1:aYKd//L2LvnjZzWKhF00oedf4jCCReLcmhLdhm1A27Q=
github.com/yanyiwu/gojieba v1.1.2 h1:BMwKCwg3G+Nw/Ctqzm/gNgN/6Ljf0Y4f7ddKlzTA+TM=
github.com/yanyiwu/gojieba v1.1.2/go.mod h1:54wkP7sMJ6bklf7yPl6F+JG71dzVUU1WigZbR47nGdY=
go.etcd.io/bbolt v1.3.5 h1:XAzx9gjCb0Rxj7EoqcClPD1d5ZBxZJk0jbuoPHenBt0=
go.etcd.io/bbolt v1.3.5/go.mod h1:G5EMThwa9y8QZGBClrRx5EY+Yw9kAhnjy3bSjsnlVTQ=
golang.org/x/crypto v0.0.0-20181127143415-eb0de9b17e85/go.mod h1:6SG95UA2DQfeDnfUPMdvaQW0Q7yPrPDi9nlGo2tz2b4=
golang.org/x/crypto v0.0.0-20181203042331-505ab145d0a9/go.mod h1:6SG95UA2DQfeDnfUPMdvaQW0Q7yPrPDi9nlGo2tz2b4=
golang.org/x/crypto v0.0.0-20190308221718-c2843e01d9a2 h1:VklqNMn3ovrHsnt90PveolxSbWFaJdECFbxSq0Mqo2M=
golang.org/x/crypto v0.0.0-20190308221718-c2843e01d9a2/go.mod h1:djNgcEr1/C05ACkg1iLfiJU5Ep61QUkGW8qpdssI0+w=
golang.org/x/net v0.0.0-20180906233101-161cd47e91fd/go.mod h1:mL1N/T3taQHkDXs73rZJwtUhF3w3ftmwwsq0BUmARs4=
golang.org/x/net v0.0.0-20181114220301-adae6a3d119a/go.mod h1:mL1N/T3taQHkDXs73rZJwtUhF3w3ftmwwsq0BUmARs4=
golang.org/x/net v0.0.0-20190603091049-60506f45cf65 h1:+rhAzEzT3f4JtomfC371qB+0Ola2caSKcY69NUBZrRQ=
golang.org/x/net v0.0.0-20190603091049-60506f45cf65/go.mod h1:HSz+uSET+XFnRR8LxR5pz3Of3rY3CfYBVs4xY44aLks=
golang.org/x/sync v0.0.0-20180314180146-1d60e4601c6f/go.mod h1:RxMgew5VJxzue5/jJTE5uejpjVlOe/izrB70Jof72aM=
golang.org/x/sys v0.0.0-20180909124046-d0be0721c37e/go.mod h1:STP8DvDyc/dI5b8T5hshtkjS+E42TnysNCUPdjciGhY=
golang.org/x/sys v0.0.0-20181205085412-a5c9d58dba9a/go.mod h1:STP8DvDyc/dI5b8T5hshtkjS+E42TnysNCUPdjciGhY=
golang.org/x/sys v0.0.0-20181221143128-b4a75ba826a6/go.mod h1:STP8DvDyc/dI5b8T5hshtkjS+E42TnysNCUPdjciGhY=
golang.org/x/sys v0.0.0-20190215142949-d0b11bdaac8a/go.mod h1:STP8DvDyc/dI5b8T5hshtkjS+E42TnysNCUPdjciGhY=
golang.org/x/sys v0.0.0-20190222072716-a9d3bda3a223/go.mod h1:STP8DvDyc/dI5b8T5hshtkjS+E42TnysNCUPdjciGhY=
golang.org/x/sys v0.0.0-20190813064441-fde4db37ae7a/go.mod h1:h1NjWce9XRLGQEsW7wpKNCjG9DtNlClVuFLEZdDNbEs=
golang.org/x/sys v0.0.0-20190916202348-b4ddaad3f8a3/go.mod h1:h1NjWce9XRLGQEsW7wpKNCjG9DtNlClVuFLEZdDNbEs=
golang.org/x/sys v0.0.0-20191008105621-543471e840be/go.mod h1:h1NjWce9XRLGQEsW7wpKNCjG9DtNlClVuFLEZdDNbEs=
golang.org/x/sys v0.0.0-20200202164722-d101bd2416d5/go.mod h1:h1NjWce9XRLGQEsW7wpKNCjG9DtNlClVuFLEZdDNbEs=
golang.org/x/sys v0.0.0-20200323222414-85ca7c5b95cd h1:xhmwyvizuTgC2qz7ZlMluP20uW+C3Rm0FD/WLDX8884=
golang.org/x/sys v0.0.0-20200323222414-85ca7c5b95cd/go.mod h1:h1NjWce9XRLGQEsW7wpKNCjG9DtNlClVuFLEZdDNbEs=
golang.org/x/text v0.3.0/go.mod h1:NqM8EUOU14njkJ3fqMW+pc6Ldnwhi/IjpwHt7yyuwOQ=
golang.org/x/text v0.3.2/go.mod h1:bEr9sfX3Q8Zfm5fL9x+3itogRgK3+ptLWKqgva+5dAk=
golang.org/x/text v0.3.7 h1:olpwvP2KacW1ZWvsR7uQhoyTYvKAupfQrRGBFM352Gk=
golang.org/x/text v0.3.7/go.mod h1:u+2+/6zg+i71rQMx5EYifcz6MCKuco9NR6JIITiCfzQ=
golang.org/x/tools v0.0.0-20180917221912-90fa682c2a6e/go.mod h1:n7NCudcB/nEzxVGmLbDWY5pfWTLqBcC2KZ6jyYvM4mQ=
google.golang.org/appengine v1.6.7 h1:FZR1q0exgwxzPzp/aF+VccGrSfxfPpkBqjIIEq3ru6c=
google.golang.org/appengine v1.6.7/go.mod h1:8WjMMxjGQR8xUklV/ARdw2HLXBOI7O7uCIDZVag1xfc=
gopkg.in/alexcesaro/quotedprintable.v3 v3.0.0-20150716171945-2caba252f4dc h1:2gGKlE2+asNV9m7xrywl36YYNnBG5ZQ0r/BOOxqPpmk=
gopkg.in/alexcesaro/quotedprintable.v3 v3.0.0-20150716171945-2caba252f4dc/go.mod h1:m7x9LTH6d71AHyAX77c9yqWCCa3UKHcVEj9y7hAtKDk=
gopkg.in/check.v1 v0.0.0-20161208181325-20d25e280405/go.mod h1:Co6ibVJAznAaIkqp8huTwlJQCZ016jof/cbN4VW5Yz0=
gopkg.in/check.v1 v1.0.0-20180628173108-788fd7840127 h1:qIbj1fsPNlZgppZ+VLlY7N33q108Sa+fhmuc+sWQYwY=
gopkg.in/check.v1 v1.0.0-20180628173108-788fd7840127/go.mod h1:Co6ibVJAznAaIkqp8huTwlJQCZ016jof/cbN4VW5Yz0=
gopkg.in/fsnotify.v1 v1.4.7 h1:xOHLXZwVvI9hhs+cLKq5+I5onOuwQLhQwiu63xxlHs4=
gopkg.in/fsnotify.v1 v1.4.7/go.mod h1:Tz8NjZHkW78fSQdbUxIjBTcgA1z1m8ZHf0WmKUhAMys=
gopkg.in/gomail.v2 v2.0.0-20160411212932-81ebce5c23df h1:n7WqCuqOuCbNr617RXOY0AWRXxgwEyPp2z+p0+hgMuE=
gopkg.in/gomail.v2 v2.0.0-20160411212932-81ebce5c23df/go.mod h1:LRQQ+SO6ZHR7tOkpBDuZnXENFzX8qRjMDMyPD6BRkCw=
gopkg.in/russross/blackfriday.v2 v2.0.0 h1:+FlnIV8DSQnT7NZ43hcVKcdJdzZoeCmJj4Ql8gq5keA=
gopkg.in/russross/blackfriday.v2 v2.0.0/go.mod h1:6sSBNz/GtOm/pJTuh5UmBK2ZHfmnxGbl2NZg1UliSOI=
gopkg.in/tomb.v1 v1.0.0-20141024135613-dd632973f1e7 h1:uRGJdciOHaEIrze2W8Q3AKkepLTh2hOroT7a+7czfdQ=
gopkg.in/tomb.v1 v1.0.0-20141024135613-dd632973f1e7/go.mod h1:dt/ZhP58zS4L8KSrWDmTeBkI65Dw0HsyUHuEVlX15mw=
gopkg.in/yaml.v2 v2.2.1/go.mod h1:hI93XBmqTisBFMUTm0b8Fm+jr3Dg1NNxqwp+5A1VGuI=
gopkg.in/yaml.v2 v2.2.2/go.mod h1:hI93XBmqTisBFMUTm0b8Fm+jr3Dg1NNxqwp+5A1VGuI=
gopkg.in/yaml.v2 v2.2.4 h1:/eiJrUcujPVeJ3xlSWaiNi3uSVmDGBK1pDHUHAnao1I=
gopkg.in/yaml.v2 v2.2.4/go.mod h1:hI93XBmqTisBFMUTm0b8Fm+jr3Dg1NNxqwp+5A1VGuI=
gopkg.in/yaml.v3 v3.0.0-20200313102051-9f266ea9e77c h1:dUUwHk2QECo/6vqA44rthZ8ie2QXMNeKRTHCNY2nXvo=
gopkg.in/yaml.v3 v3.0.0-20200313102051-9f266ea9e77c/go.mod h1:K4uyk7z7BCEPqu6E+C64Yfv1cQ7kz7rIZviUmN+EgEM=
