{
  "requires": true,
  "lockfileVersion": 1,
  "dependencies": {
    "@babel/runtime": {
      "version": "7.9.2",
      "resolved": "https://registry.npm.taobao.org/@babel/runtime/download/@babel/runtime-7.9.2.tgz?cache=0&sync_timestamp=1584800151099&other_urls=https%3A%2F%2Fregistry.npm.taobao.org%2F%40babel%2Fruntime%2Fdownload%2F%40babel%2Fruntime-7.9.2.tgz",
      "integrity": "sha1-2Q3wWDo6JS8JqqYZZlNnuuUY2wY=",
      "dev": true,
      "requires": {
        "regenerator-runtime": "^0.13.4"
      }
    },
    "@types/color-name": {
      "version": "1.1.1",
      "resolved": "https://registry.npm.taobao.org/@types/color-name/download/@types/color-name-1.1.1.tgz",
      "integrity": "sha1-HBJhu+qhCoBVu8XYq4S3sq/IRqA=",
      "dev": true
    },
    "ajv": {
      "version": "6.12.0",
      "resolved": "https://registry.npm.taobao.org/ajv/download/ajv-6.12.0.tgz?cache=0&sync_timestamp=1582379605396&other_urls=https%3A%2F%2Fregistry.npm.taobao.org%2Fajv%2Fdownload%2Fajv-6.12.0.tgz",
      "integrity": "sha1-BtYLlth7hFSlrauobnhU2mKdtLc=",
      "dev": true,
      "requires": {
        "fast-deep-equal": "^3.1.1",
        "fast-json-stable-stringify": "^2.0.0",
        "json-schema-traverse": "^0.4.1",
        "uri-js": "^4.2.2"
      }
    },
    "all-contributors-cli": {
      "version": "6.14.1",
      "resolved": "https://registry.npm.taobao.org/all-contributors-cli/download/all-contributors-cli-6.14.1.tgz",
      "integrity": "sha1-Guw9ebD29yU00/OWrOgKEGuQ/cE=",
      "dev": true,
      "requires": {
        "@babel/runtime": "^7.7.6",
        "async": "^3.0.1",
        "chalk": "^4.0.0",
        "didyoumean": "^1.2.1",
        "inquirer": "^7.0.4",
        "json-fixer": "^1.4.0",
        "lodash": "^4.11.2",
        "pify": "^5.0.0",
        "request": "^2.72.0",
        "yargs": "^15.0.1"
      }
    },
    "ansi-escapes": {
      "version": "4.3.1",
      "resolved": "https://registry.npm.taobao.org/ansi-escapes/download/ansi-escapes-4.3.1.tgz?cache=0&sync_timestamp=1583072804444&other_urls=https%3A%2F%2Fregistry.npm.taobao.org%2Fansi-escapes%2Fdownload%2Fansi-escapes-4.3.1.tgz",
      "integrity": "sha1-pcR8xDGB8fOP/XB2g3cA05VSKmE=",
      "dev": true,
      "requires": {
        "type-fest": "^0.11.0"
      }
    },
    "ansi-regex": {
      "version": "5.0.0",
      "resolved": "https://registry.npm.taobao.org/ansi-regex/download/ansi-regex-5.0.0.tgz",
      "integrity": "sha1-OIU59VF5vzkznIGvMKZU1p+Hy3U=",
      "dev": true
    },
    "ansi-styles": {
      "version": "4.2.1",
      "resolved": "https://registry.npm.taobao.org/ansi-styles/download/ansi-styles-4.2.1.tgz",
      "integrity": "sha1-kK51xCTQCNJiTFvynq0xd+v881k=",
      "dev": true,
      "requires": {
        "@types/color-name": "^1.1.1",
        "color-convert": "^2.0.1"
      }
    },
    "asn1": {
      "version": "0.2.4",
      "resolved": "https://registry.npm.taobao.org/asn1/download/asn1-0.2.4.tgz",
      "integrity": "sha1-jSR136tVO7M+d7VOWeiAu4ziMTY=",
      "dev": true,
      "requires": {
        "safer-buffer": "~2.1.0"
      }
    },
    "assert-plus": {
      "version": "1.0.0",
      "resolved": "https://registry.npm.taobao.org/assert-plus/download/assert-plus-1.0.0.tgz",
      "integrity": "sha1-8S4PPF13sLHN2RRpQuTpbB5N1SU=",
      "dev": true
    },
    "async": {
      "version": "3.2.0",
      "resolved": "https://registry.npm.taobao.org/async/download/async-3.2.0.tgz",
      "integrity": "sha1-s6JoXF67ZB094C0WEALGD8n4VyA=",
      "dev": true
    },
    "asynckit": {
      "version": "0.4.0",
      "resolved": "https://registry.npm.taobao.org/asynckit/download/asynckit-0.4.0.tgz",
      "integrity": "sha1-x57Zf380y48robyXkLzDZkdLS3k=",
      "dev": true
    },
    "aws-sign2": {
      "version": "0.7.0",
      "resolved": "https://registry.npm.taobao.org/aws-sign2/download/aws-sign2-0.7.0.tgz",
      "integrity": "sha1-tG6JCTSpWR8tL2+G1+ap8bP+dqg=",
      "dev": true
    },
    "aws4": {
      "version": "1.9.1",
      "resolved": "https://registry.npm.taobao.org/aws4/download/aws4-1.9.1.tgz",
      "integrity": "sha1-fjPY99RJs/ZzzXLeuavcVS2+Uo4=",
      "dev": true
    },
    "bcrypt-pbkdf": {
      "version": "1.0.2",
      "resolved": "https://registry.npm.taobao.org/bcrypt-pbkdf/download/bcrypt-pbkdf-1.0.2.tgz",
      "integrity": "sha1-pDAdOJtqQ/m2f/PKEaP2Y342Dp4=",
      "dev": true,
      "requires": {
        "tweetnacl": "^0.14.3"
      }
    },
    "camelcase": {
      "version": "5.3.1",
      "resolved": "https://registry.npm.taobao.org/camelcase/download/camelcase-5.3.1.tgz",
      "integrity": "sha1-48mzFWnhBoEd8kL3FXJaH0xJQyA=",
      "dev": true
    },
    "caseless": {
      "version": "0.12.0",
      "resolved": "https://registry.npm.taobao.org/caseless/download/caseless-0.12.0.tgz",
      "integrity": "sha1-G2gcIf+EAzyCZUMJBolCDRhxUdw=",
      "dev": true
    },
    "chalk": {
      "version": "4.0.0",
      "resolved": "https://registry.npm.taobao.org/chalk/download/chalk-4.0.0.tgz?cache=0&sync_timestamp=1585815759944&other_urls=https%3A%2F%2Fregistry.npm.taobao.org%2Fchalk%2Fdownload%2Fchalk-4.0.0.tgz",
      "integrity": "sha1-bpgIHtLRf6q2FetSrGbsH+YgnnI=",
      "dev": true,
      "requires": {
        "ansi-styles": "^4.1.0",
        "supports-color": "^7.1.0"
      }
    },
    "chardet": {
      "version": "0.7.0",
      "resolved": "https://registry.npm.taobao.org/chardet/download/chardet-0.7.0.tgz?cache=0&sync_timestamp=1585650396850&other_urls=https%3A%2F%2Fregistry.npm.taobao.org%2Fchardet%2Fdownload%2Fchardet-0.7.0.tgz",
      "integrity": "sha1-kAlISfCTfy7twkJdDSip5fDLrZ4=",
      "dev": true
    },
    "cli-cursor": {
      "version": "3.1.0",
      "resolved": "https://registry.npm.taobao.org/cli-cursor/download/cli-cursor-3.1.0.tgz",
      "integrity": "sha1-JkMFp65JDR0Dvwybp8kl0XU68wc=",
      "dev": true,
      "requires": {
        "restore-cursor": "^3.1.0"
      }
    },
    "cli-width": {
      "version": "2.2.0",
      "resolved": "https://registry.npm.taobao.org/cli-width/download/cli-width-2.2.0.tgz",
      "integrity": "sha1-/xnt6Kml5XkyQUewwR8PvLq+1jk=",
      "dev": true
    },
    "cliui": {
      "version": "6.0.0",
      "resolved": "https://registry.npm.taobao.org/cliui/download/cliui-6.0.0.tgz",
      "integrity": "sha1-UR1wLAxOQcoVbX0OlgIfI+EyJbE=",
      "dev": true,
      "requires": {
        "string-width": "^4.2.0",
        "strip-ansi": "^6.0.0",
        "wrap-ansi": "^6.2.0"
      }
    },
    "color-convert": {
      "version": "2.0.1",
      "resolved": "https://registry.npm.taobao.org/color-convert/download/color-convert-2.0.1.tgz",
      "integrity": "sha1-ctOmjVmMm9s68q0ehPIdiWq9TeM=",
      "dev": true,
      "requires": {
        "color-name": "~1.1.4"
      }
    },
    "color-name": {
      "version": "1.1.4",
      "resolved": "https://registry.npm.taobao.org/color-name/download/color-name-1.1.4.tgz",
      "integrity": "sha1-wqCah6y95pVD3m9j+jmVyCbFNqI=",
      "dev": true
    },
    "combined-stream": {
      "version": "1.0.8",
      "resolved": "https://registry.npm.taobao.org/combined-stream/download/combined-stream-1.0.8.tgz",
      "integrity": "sha1-w9RaizT9cwYxoRCoolIGgrMdWn8=",
      "dev": true,
      "requires": {
        "delayed-stream": "~1.0.0"
      }
    },
    "core-util-is": {
      "version": "1.0.2",
      "resolved": "https://registry.npm.taobao.org/core-util-is/download/core-util-is-1.0.2.tgz",
      "integrity": "sha1-tf1UIgqivFq1eqtxQMlAdUUDwac=",
      "dev": true
    },
    "dashdash": {
      "version": "1.14.1",
      "resolved": "https://registry.npm.taobao.org/dashdash/download/dashdash-1.14.1.tgz",
      "integrity": "sha1-hTz6D3y+L+1d4gMmuN1YEDX24vA=",
      "dev": true,
      "requires": {
        "assert-plus": "^1.0.0"
      }
    },
    "decamelize": {
      "version": "1.2.0",
      "resolved": "https://registry.npm.taobao.org/decamelize/download/decamelize-1.2.0.tgz",
      "integrity": "sha1-9lNNFRSCabIDUue+4m9QH5oZEpA=",
      "dev": true
    },
    "delayed-stream": {
      "version": "1.0.0",
      "resolved": "https://registry.npm.taobao.org/delayed-stream/download/delayed-stream-1.0.0.tgz",
      "integrity": "sha1-3zrhmayt+31ECqrgsp4icrJOxhk=",
      "dev": true
    },
    "didyoumean": {
      "version": "1.2.1",
      "resolved": "https://registry.npm.taobao.org/didyoumean/download/didyoumean-1.2.1.tgz",
      "integrity": "sha1-6S7f2tplN9SE1zwBcv0eugxJdv8=",
      "dev": true
    },
    "ecc-jsbn": {
      "version": "0.1.2",
      "resolved": "https://registry.npm.taobao.org/ecc-jsbn/download/ecc-jsbn-0.1.2.tgz",
      "integrity": "sha1-OoOpBOVDUyh4dMVkt1SThoSamMk=",
      "dev": true,
      "requires": {
        "jsbn": "~0.1.0",
        "safer-buffer": "^2.1.0"
      }
    },
    "emoji-regex": {
      "version": "8.0.0",
      "resolved": "https://registry.npm.taobao.org/emoji-regex/download/emoji-regex-8.0.0.tgz?cache=0&other_urls=https%3A%2F%2Fregistry.npm.taobao.org%2Femoji-regex%2Fdownload%2Femoji-regex-8.0.0.tgz",
      "integrity": "sha1-6Bj9ac5cz8tARZT4QpY79TFkzDc=",
      "dev": true
    },
    "escape-string-regexp": {
      "version": "1.0.5",
      "resolved": "https://registry.npm.taobao.org/escape-string-regexp/download/escape-string-regexp-1.0.5.tgz?cache=0&sync_timestamp=1586278520081&other_urls=https%3A%2F%2Fregistry.npm.taobao.org%2Fescape-string-regexp%2Fdownload%2Fescape-string-regexp-1.0.5.tgz",
      "integrity": "sha1-G2HAViGQqN/2rjuyzwIAyhMLhtQ=",
      "dev": true
    },
    "extend": {
      "version": "3.0.2",
      "resolved": "https://registry.npm.taobao.org/extend/download/extend-3.0.2.tgz",
      "integrity": "sha1-+LETa0Bx+9jrFAr/hYsQGewpFfo=",
      "dev": true
    },
    "external-editor": {
      "version": "3.1.0",
      "resolved": "https://registry.npm.taobao.org/external-editor/download/external-editor-3.1.0.tgz",
      "integrity": "sha1-ywP3QL764D6k0oPK7SdBqD8zVJU=",
      "dev": true,
      "requires": {
        "chardet": "^0.7.0",
        "iconv-lite": "^0.4.24",
        "tmp": "^0.0.33"
      }
    },
    "extsprintf": {
      "version": "1.3.0",
      "resolved": "https://registry.npm.taobao.org/extsprintf/download/extsprintf-1.3.0.tgz",
      "integrity": "sha1-lpGEQOMEGnpBT4xS48V06zw+HgU=",
      "dev": true
    },
    "fast-deep-equal": {
      "version": "3.1.1",
      "resolved": "https://registry.npm.taobao.org/fast-deep-equal/download/fast-deep-equal-3.1.1.tgz",
      "integrity": "sha1-VFFFB3xQFJHjOxXsQIwpQ3bpSuQ=",
      "dev": true
    },
    "fast-json-stable-stringify": {
      "version": "2.1.0",
      "resolved": "https://registry.npm.taobao.org/fast-json-stable-stringify/download/fast-json-stable-stringify-2.1.0.tgz",
      "integrity": "sha1-h0v2nG9ATCtdmcSBNBOZ/VWJJjM=",
      "dev": true
    },
    "figures": {
      "version": "3.2.0",
      "resolved": "https://registry.npm.taobao.org/figures/download/figures-3.2.0.tgz?cache=0&sync_timestamp=1581865639901&other_urls=https%3A%2F%2Fregistry.npm.taobao.org%2Ffigures%2Fdownload%2Ffigures-3.2.0.tgz",
      "integrity": "sha1-YlwYvSk8YE3EqN2y/r8MiDQXRq8=",
      "dev": true,
      "requires": {
        "escape-string-regexp": "^1.0.5"
      }
    },
    "find-up": {
      "version": "4.1.0",
      "resolved": "https://registry.npm.taobao.org/find-up/download/find-up-4.1.0.tgz",
      "integrity": "sha1-l6/n1s3AvFkoWEt8jXsW6KmqXRk=",
      "dev": true,
      "requires": {
        "locate-path": "^5.0.0",
        "path-exists": "^4.0.0"
      }
    },
    "forever-agent": {
      "version": "0.6.1",
      "resolved": "https://registry.npm.taobao.org/forever-agent/download/forever-agent-0.6.1.tgz",
      "integrity": "sha1-+8cfDEGt6zf5bFd60e1C2P2sypE=",
      "dev": true
    },
    "form-data": {
      "version": "2.3.3",
      "resolved": "https://registry.npm.taobao.org/form-data/download/form-data-2.3.3.tgz",
      "integrity": "sha1-3M5SwF9kTymManq5Nr1yTO/786Y=",
      "dev": true,
      "requires": {
        "asynckit": "^0.4.0",
        "combined-stream": "^1.0.6",
        "mime-types": "^2.1.12"
      }
    },
    "get-caller-file": {
      "version": "2.0.5",
      "resolved": "https://registry.npm.taobao.org/get-caller-file/download/get-caller-file-2.0.5.tgz",
      "integrity": "sha1-T5RBKoLbMvNuOwuXQfipf+sDH34=",
      "dev": true
    },
    "getpass": {
      "version": "0.1.7",
      "resolved": "https://registry.npm.taobao.org/getpass/download/getpass-0.1.7.tgz",
      "integrity": "sha1-Xv+OPmhNVprkyysSgmBOi6YhSfo=",
      "dev": true,
      "requires": {
        "assert-plus": "^1.0.0"
      }
    },
    "har-schema": {
      "version": "2.0.0",
      "resolved": "https://registry.npm.taobao.org/har-schema/download/har-schema-2.0.0.tgz",
      "integrity": "sha1-qUwiJOvKwEeCoNkDVSHyRzW37JI=",
      "dev": true
    },
    "har-validator": {
      "version": "5.1.3",
      "resolved": "https://registry.npm.taobao.org/har-validator/download/har-validator-5.1.3.tgz",
      "integrity": "sha1-HvievT5JllV2de7ZiTEQ3DUPoIA=",
      "dev": true,
      "requires": {
        "ajv": "^6.5.5",
        "har-schema": "^2.0.0"
      }
    },
    "has-flag": {
      "version": "4.0.0",
      "resolved": "https://registry.npm.taobao.org/has-flag/download/has-flag-4.0.0.tgz",
      "integrity": "sha1-lEdx/ZyByBJlxNaUGGDaBrtZR5s=",
      "dev": true
    },
    "http-signature": {
      "version": "1.2.0",
      "resolved": "https://registry.npm.taobao.org/http-signature/download/http-signature-1.2.0.tgz",
      "integrity": "sha1-muzZJRFHcvPZW2WmCruPfBj7rOE=",
      "dev": true,
      "requires": {
        "assert-plus": "^1.0.0",
        "jsprim": "^1.2.2",
        "sshpk": "^1.7.0"
      }
    },
    "iconv-lite": {
      "version": "0.4.24",
      "resolved": "https://registry.npm.taobao.org/iconv-lite/download/iconv-lite-0.4.24.tgz?cache=0&sync_timestamp=1579335902637&other_urls=https%3A%2F%2Fregistry.npm.taobao.org%2Ficonv-lite%2Fdownload%2Ficonv-lite-0.4.24.tgz",
      "integrity": "sha1-ICK0sl+93CHS9SSXSkdKr+czkIs=",
      "dev": true,
      "requires": {
        "safer-buffer": ">= 2.1.2 < 3"
      }
    },
    "inquirer": {
      "version": "7.1.0",
      "resolved": "https://registry.npm.taobao.org/inquirer/download/inquirer-7.1.0.tgz?cache=0&sync_timestamp=1583821033098&other_urls=https%3A%2F%2Fregistry.npm.taobao.org%2Finquirer%2Fdownload%2Finquirer-7.1.0.tgz",
      "integrity": "sha1-EpigGFmIPhfHJkuChwrhA0+S3Sk=",
      "dev": true,
      "requires": {
        "ansi-escapes": "^4.2.1",
        "chalk": "^3.0.0",
        "cli-cursor": "^3.1.0",
        "cli-width": "^2.0.0",
        "external-editor": "^3.0.3",
        "figures": "^3.0.0",
        "lodash": "^4.17.15",
        "mute-stream": "0.0.8",
        "run-async": "^2.4.0",
        "rxjs": "^6.5.3",
        "string-width": "^4.1.0",
        "strip-ansi": "^6.0.0",
        "through": "^2.3.6"
      },
      "dependencies": {
        "chalk": {
          "version": "3.0.0",
          "resolved": "https://registry.npm.taobao.org/chalk/download/chalk-3.0.0.tgz?cache=0&sync_timestamp=1585815759944&other_urls=https%3A%2F%2Fregistry.npm.taobao.org%2Fchalk%2Fdownload%2Fchalk-3.0.0.tgz",
          "integrity": "sha1-P3PCv1JlkfV0zEksUeJFY0n4ROQ=",
          "dev": true,
          "requires": {
            "ansi-styles": "^4.1.0",
            "supports-color": "^7.1.0"
          }
        }
      }
    },
    "is-fullwidth-code-point": {
      "version": "3.0.0",
      "resolved": "https://registry.npm.taobao.org/is-fullwidth-code-point/download/is-fullwidth-code-point-3.0.0.tgz",
      "integrity": "sha1-8Rb4Bk/pCz94RKOJl8C3UFEmnx0=",
      "dev": true
    },
    "is-promise": {
      "version": "2.1.0",
      "resolved": "https://registry.npm.taobao.org/is-promise/download/is-promise-2.1.0.tgz",
      "integrity": "sha1-eaKp7OfwlugPNtKy87wWwf9L8/o=",
      "dev": true
    },
    "is-typedarray": {
      "version": "1.0.0",
      "resolved": "https://registry.npm.taobao.org/is-typedarray/download/is-typedarray-1.0.0.tgz",
      "integrity": "sha1-5HnICFjfDBsR3dppQPlgEfzaSpo=",
      "dev": true
    },
    "isstream": {
      "version": "0.1.2",
      "resolved": "https://registry.npm.taobao.org/isstream/download/isstream-0.1.2.tgz",
      "integrity": "sha1-R+Y/evVa+m+S4VAOaQ64uFKcCZo=",
      "dev": true
    },
    "jsbn": {
      "version": "0.1.1",
      "resolved": "https://registry.npm.taobao.org/jsbn/download/jsbn-0.1.1.tgz",
      "integrity": "sha1-peZUwuWi3rXyAdls77yoDA7y9RM=",
      "dev": true
    },
    "json-fixer": {
      "version": "1.4.1",
      "resolved": "https://registry.npm.taobao.org/json-fixer/download/json-fixer-1.4.1.tgz",
      "integrity": "sha1-9V5WNNDYX6Ix43gbgsJ6biovyFA=",
      "dev": true,
      "requires": {
        "@babel/runtime": "^7.7.6",
        "chalk": "^3.0.0",
        "pegjs": "^0.10.0"
      },
      "dependencies": {
        "chalk": {
          "version": "3.0.0",
          "resolved": "https://registry.npm.taobao.org/chalk/download/chalk-3.0.0.tgz?cache=0&sync_timestamp=1585815759944&other_urls=https%3A%2F%2Fregistry.npm.taobao.org%2Fchalk%2Fdownload%2Fchalk-3.0.0.tgz",
          "integrity": "sha1-P3PCv1JlkfV0zEksUeJFY0n4ROQ=",
          "dev": true,
          "requires": {
            "ansi-styles": "^4.1.0",
            "supports-color": "^7.1.0"
          }
        }
      }
    },
    "json-schema": {
      "version": "0.2.3",
      "resolved": "https://registry.npm.taobao.org/json-schema/download/json-schema-0.2.3.tgz",
      "integrity": "sha1-tIDIkuWaLwWVTOcnvT8qTogvnhM=",
      "dev": true
    },
    "json-schema-traverse": {
      "version": "0.4.1",
      "resolved": "https://registry.npm.taobao.org/json-schema-traverse/download/json-schema-traverse-0.4.1.tgz",
      "integrity": "sha1-afaofZUTq4u4/mO9sJecRI5oRmA=",
      "dev": true
    },
    "json-stringify-safe": {
      "version": "5.0.1",
      "resolved": "https://registry.npm.taobao.org/json-stringify-safe/download/json-stringify-safe-5.0.1.tgz",
      "integrity": "sha1-Epai1Y/UXxmg9s4B1lcB4sc1tus=",
      "dev": true
    },
    "jsprim": {
      "version": "1.4.1",
      "resolved": "https://registry.npm.taobao.org/jsprim/download/jsprim-1.4.1.tgz",
      "integrity": "sha1-MT5mvB5cwG5Di8G3SZwuXFastqI=",
      "dev": true,
      "requires": {
        "assert-plus": "1.0.0",
        "extsprintf": "1.3.0",
        "json-schema": "0.2.3",
        "verror": "1.10.0"
      }
    },
    "locate-path": {
      "version": "5.0.0",
      "resolved": "https://registry.npm.taobao.org/locate-path/download/locate-path-5.0.0.tgz",
      "integrity": "sha1-Gvujlq/WdqbUJQTQpno6frn2KqA=",
      "dev": true,
      "requires": {
        "p-locate": "^4.1.0"
      }
    },
    "lodash": {
      "version": "4.17.15",
      "resolved": "https://registry.npm.taobao.org/lodash/download/lodash-4.17.15.tgz",
      "integrity": "sha1-tEf2ZwoEVbv+7dETku/zMOoJdUg=",
      "dev": true
    },
    "mime-db": {
      "version": "1.43.0",
      "resolved": "https://registry.npm.taobao.org/mime-db/download/mime-db-1.43.0.tgz",
      "integrity": "sha1-ChLgUCZQ5HPXNVNQUOfI9OtPrlg=",
      "dev": true
    },
    "mime-types": {
      "version": "2.1.26",
      "resolved": "https://registry.npm.taobao.org/mime-types/download/mime-types-2.1.26.tgz?cache=0&other_urls=https%3A%2F%2Fregistry.npm.taobao.org%2Fmime-types%2Fdownload%2Fmime-types-2.1.26.tgz",
      "integrity": "sha1-nJIfwJt+FJpl39wNpNIJlyALCgY=",
      "dev": true,
      "requires": {
        "mime-db": "1.43.0"
      }
    },
    "mimic-fn": {
      "version": "2.1.0",
      "resolved": "https://registry.npm.taobao.org/mimic-fn/download/mimic-fn-2.1.0.tgz",
      "integrity": "sha1-ftLCzMyvhNP/y3pptXcR/CCDQBs=",
      "dev": true
    },
    "mute-stream": {
      "version": "0.0.8",
      "resolved": "https://registry.npm.taobao.org/mute-stream/download/mute-stream-0.0.8.tgz",
      "integrity": "sha1-FjDEKyJR/4HiooPelqVJfqkuXg0=",
      "dev": true
    },
    "oauth-sign": {
      "version": "0.9.0",
      "resolved": "https://registry.npm.taobao.org/oauth-sign/download/oauth-sign-0.9.0.tgz",
      "integrity": "sha1-R6ewFrqmi1+g7PPe4IqFxnmsZFU=",
      "dev": true
    },
    "onetime": {
      "version": "5.1.0",
      "resolved": "https://registry.npm.taobao.org/onetime/download/onetime-5.1.0.tgz",
      "integrity": "sha1-//DzyRYX/mK7UBiWNumayKbfe+U=",
      "dev": true,
      "requires": {
        "mimic-fn": "^2.1.0"
      }
    },
    "os-tmpdir": {
      "version": "1.0.2",
      "resolved": "https://registry.npm.taobao.org/os-tmpdir/download/os-tmpdir-1.0.2.tgz",
      "integrity": "sha1-u+Z0BseaqFxc/sdm/lc0VV36EnQ=",
      "dev": true
    },
    "p-limit": {
      "version": "2.3.0",
      "resolved": "https://registry.npm.taobao.org/p-limit/download/p-limit-2.3.0.tgz?cache=0&sync_timestamp=1586101311914&other_urls=https%3A%2F%2Fregistry.npm.taobao.org%2Fp-limit%2Fdownload%2Fp-limit-2.3.0.tgz",
      "integrity": "sha1-PdM8ZHohT9//2DWTPrCG2g3CHbE=",
      "dev": true,
      "requires": {
        "p-try": "^2.0.0"
      }
    },
    "p-locate": {
      "version": "4.1.0",
      "resolved": "https://registry.npm.taobao.org/p-locate/download/p-locate-4.1.0.tgz",
      "integrity": "sha1-o0KLtwiLOmApL2aRkni3wpetTwc=",
      "dev": true,
      "requires": {
        "p-limit": "^2.2.0"
      }
    },
    "p-try": {
      "version": "2.2.0",
      "resolved": "https://registry.npm.taobao.org/p-try/download/p-try-2.2.0.tgz",
      "integrity": "sha1-yyhoVA4xPWHeWPr741zpAE1VQOY=",
      "dev": true
    },
    "path-exists": {
      "version": "4.0.0",
      "resolved": "https://registry.npm.taobao.org/path-exists/download/path-exists-4.0.0.tgz",
      "integrity": "sha1-UTvb4tO5XXdi6METfvoZXGxhtbM=",
      "dev": true
    },
    "pegjs": {
      "version": "0.10.0",
      "resolved": "https://registry.npm.taobao.org/pegjs/download/pegjs-0.10.0.tgz",
      "integrity": "sha1-z4uvrm7d/0tafvsYUmnqr0YQ3b0=",
      "dev": true
    },
    "performance-now": {
      "version": "2.1.0",
      "resolved": "https://registry.npm.taobao.org/performance-now/download/performance-now-2.1.0.tgz",
      "integrity": "sha1-Ywn04OX6kT7BxpMHrjZLSzd8nns=",
      "dev": true
    },
    "pify": {
      "version": "5.0.0",
      "resolved": "https://registry.npm.taobao.org/pify/download/pify-5.0.0.tgz",
      "integrity": "sha1-H17KP16H6+wozG1UoOSq8ArMEn8=",
      "dev": true
    },
    "psl": {
      "version": "1.8.0",
      "resolved": "https://registry.npm.taobao.org/psl/download/psl-1.8.0.tgz?cache=0&sync_timestamp=1585170332277&other_urls=https%3A%2F%2Fregistry.npm.taobao.org%2Fpsl%2Fdownload%2Fpsl-1.8.0.tgz",
      "integrity": "sha1-kyb4vPsBOtzABf3/BWrM4CDlHCQ=",
      "dev": true
    },
    "punycode": {
      "version": "2.1.1",
      "resolved": "https://registry.npm.taobao.org/punycode/download/punycode-2.1.1.tgz",
      "integrity": "sha1-tYsBCsQMIsVldhbI0sLALHv0eew=",
      "dev": true
    },
    "qs": {
      "version": "6.5.2",
      "resolved": "https://registry.npm.taobao.org/qs/download/qs-6.5.2.tgz?cache=0&sync_timestamp=1585168658937&other_urls=https%3A%2F%2Fregistry.npm.taobao.org%2Fqs%2Fdownload%2Fqs-6.5.2.tgz",
      "integrity": "sha1-yzroBuh0BERYTvFUzo7pjUA/PjY=",
      "dev": true
    },
    "regenerator-runtime": {
      "version": "0.13.5",
      "resolved": "https://registry.npm.taobao.org/regenerator-runtime/download/regenerator-runtime-0.13.5.tgz?cache=0&sync_timestamp=1584052392667&other_urls=https%3A%2F%2Fregistry.npm.taobao.org%2Fregenerator-runtime%2Fdownload%2Fregenerator-runtime-0.13.5.tgz",
      "integrity": "sha1-2Hih0JS0MG0QuQlkhLM+vVXiZpc=",
      "dev": true
    },
    "request": {
      "version": "2.88.2",
      "resolved": "https://registry.npm.taobao.org/request/download/request-2.88.2.tgz",
      "integrity": "sha1-1zyRhzHLWofaBH4gcjQUb2ZNErM=",
      "dev": true,
      "requires": {
        "aws-sign2": "~0.7.0",
        "aws4": "^1.8.0",
        "caseless": "~0.12.0",
        "combined-stream": "~1.0.6",
        "extend": "~3.0.2",
        "forever-agent": "~0.6.1",
        "form-data": "~2.3.2",
        "har-validator": "~5.1.3",
        "http-signature": "~1.2.0",
        "is-typedarray": "~1.0.0",
        "isstream": "~0.1.2",
        "json-stringify-safe": "~5.0.1",
        "mime-types": "~2.1.19",
        "oauth-sign": "~0.9.0",
        "performance-now": "^2.1.0",
        "qs": "~6.5.2",
        "safe-buffer": "^5.1.2",
        "tough-cookie": "~2.5.0",
        "tunnel-agent": "^0.6.0",
        "uuid": "^3.3.2"
      }
    },
    "require-directory": {
      "version": "2.1.1",
      "resolved": "https://registry.npm.taobao.org/require-directory/download/require-directory-2.1.1.tgz",
      "integrity": "sha1-jGStX9MNqxyXbiNE/+f3kqam30I=",
      "dev": true
    },
    "require-main-filename": {
      "version": "2.0.0",
      "resolved": "https://registry.npm.taobao.org/require-main-filename/download/require-main-filename-2.0.0.tgz",
      "integrity": "sha1-0LMp7MfMD2Fkn2IhW+aa9UqomJs=",
      "dev": true
    },
    "restore-cursor": {
      "version": "3.1.0",
      "resolved": "https://registry.npm.taobao.org/restore-cursor/download/restore-cursor-3.1.0.tgz",
      "integrity": "sha1-OfZ8VLOnpYzqUjbZXPADQjljH34=",
      "dev": true,
      "requires": {
        "onetime": "^5.1.0",
        "signal-exit": "^3.0.2"
      }
    },
    "run-async": {
      "version": "2.4.0",
      "resolved": "https://registry.npm.taobao.org/run-async/download/run-async-2.4.0.tgz?cache=0&sync_timestamp=1582711719088&other_urls=https%3A%2F%2Fregistry.npm.taobao.org%2Frun-async%2Fdownload%2Frun-async-2.4.0.tgz",
      "integrity": "sha1-5ZBUpbhods+uB/Qx0Yy63cWU8eg=",
      "dev": true,
      "requires": {
        "is-promise": "^2.1.0"
      }
    },
    "rxjs": {
      "version": "6.5.5",
      "resolved": "https://registry.npm.taobao.org/rxjs/download/rxjs-6.5.5.tgz",
      "integrity": "sha1-xciE4wlMjP7jG/J+uH5UzPyH+ew=",
      "dev": true,
      "requires": {
        "tslib": "^1.9.0"
      }
    },
    "safe-buffer": {
      "version": "5.2.0",
      "resolved": "https://registry.npm.taobao.org/safe-buffer/download/safe-buffer-5.2.0.tgz",
      "integrity": "sha1-t02uxJsRSPiMZLaNSbHoFcHy9Rk=",
      "dev": true
    },
    "safer-buffer": {
      "version": "2.1.2",
      "resolved": "https://registry.npm.taobao.org/safer-buffer/download/safer-buffer-2.1.2.tgz",
      "integrity": "sha1-RPoWGwGHuVSd2Eu5GAL5vYOFzWo=",
      "dev": true
    },
    "set-blocking": {
      "version": "2.0.0",
      "resolved": "https://registry.npm.taobao.org/set-blocking/download/set-blocking-2.0.0.tgz",
      "integrity": "sha1-BF+XgtARrppoA93TgrJDkrPYkPc=",
      "dev": true
    },
    "signal-exit": {
      "version": "3.0.3",
      "resolved": "https://registry.npm.taobao.org/signal-exit/download/signal-exit-3.0.3.tgz?cache=0&sync_timestamp=1585253250555&other_urls=https%3A%2F%2Fregistry.npm.taobao.org%2Fsignal-exit%2Fdownload%2Fsignal-exit-3.0.3.tgz",
      "integrity": "sha1-oUEMLt2PB3sItOJTyOrPyvBXRhw=",
      "dev": true
    },
    "sshpk": {
      "version": "1.16.1",
      "resolved": "https://registry.npm.taobao.org/sshpk/download/sshpk-1.16.1.tgz",
      "integrity": "sha1-+2YcC+8ps520B2nuOfpwCT1vaHc=",
      "dev": true,
      "requires": {
        "asn1": "~0.2.3",
        "assert-plus": "^1.0.0",
        "bcrypt-pbkdf": "^1.0.0",
        "dashdash": "^1.12.0",
        "ecc-jsbn": "~0.1.1",
        "getpass": "^0.1.1",
        "jsbn": "~0.1.0",
        "safer-buffer": "^2.0.2",
        "tweetnacl": "~0.14.0"
      }
    },
    "string-width": {
      "version": "4.2.0",
      "resolved": "https://registry.npm.taobao.org/string-width/download/string-width-4.2.0.tgz?cache=0&other_urls=https%3A%2F%2Fregistry.npm.taobao.org%2Fstring-width%2Fdownload%2Fstring-width-4.2.0.tgz",
      "integrity": "sha1-lSGCxGzHssMT0VluYjmSvRY7crU=",
      "dev": true,
      "requires": {
        "emoji-regex": "^8.0.0",
        "is-fullwidth-code-point": "^3.0.0",
        "strip-ansi": "^6.0.0"
      }
    },
    "strip-ansi": {
      "version": "6.0.0",
      "resolved": "https://registry.npm.taobao.org/strip-ansi/download/strip-ansi-6.0.0.tgz",
      "integrity": "sha1-CxVx3XZpzNTz4G4U7x7tJiJa5TI=",
      "dev": true,
      "requires": {
        "ansi-regex": "^5.0.0"
      }
    },
    "supports-color": {
      "version": "7.1.0",
      "resolved": "https://registry.npm.taobao.org/supports-color/download/supports-color-7.1.0.tgz",
      "integrity": "sha1-aOMlkd9z4lrRxLSRCKLsUHliv9E=",
      "dev": true,
      "requires": {
        "has-flag": "^4.0.0"
      }
    },
    "through": {
      "version": "2.3.8",
      "resolved": "https://registry.npm.taobao.org/through/download/through-2.3.8.tgz",
      "integrity": "sha1-DdTJ/6q8NXlgsbckEV1+Doai4fU=",
      "dev": true
    },
    "tmp": {
      "version": "0.0.33",
      "resolved": "https://registry.npm.taobao.org/tmp/download/tmp-0.0.33.tgz",
      "integrity": "sha1-bTQzWIl2jSGyvNoKonfO07G/rfk=",
      "dev": true,
      "requires": {
        "os-tmpdir": "~1.0.2"
      }
    },
    "tough-cookie": {
      "version": "2.5.0",
      "resolved": "https://registry.npm.taobao.org/tough-cookie/download/tough-cookie-2.5.0.tgz?cache=0&sync_timestamp=1584645751908&other_urls=https%3A%2F%2Fregistry.npm.taobao.org%2Ftough-cookie%2Fdownload%2Ftough-cookie-2.5.0.tgz",
      "integrity": "sha1-zZ+yoKodWhK0c72fuW+j3P9lreI=",
      "dev": true,
      "requires": {
        "psl": "^1.1.28",
        "punycode": "^2.1.1"
      }
    },
    "tslib": {
      "version": "1.11.1",
      "resolved": "https://registry.npm.taobao.org/tslib/download/tslib-1.11.1.tgz",
      "integrity": "sha1-6xXRKIJ/vuKEFUnhcfRe0zisfjU=",
      "dev": true
    },
    "tunnel-agent": {
      "version": "0.6.0",
      "resolved": "https://registry.npm.taobao.org/tunnel-agent/download/tunnel-agent-0.6.0.tgz",
      "integrity": "sha1-J6XeoGs2sEoKmWZ3SykIaPD8QP0=",
      "dev": true,
      "requires": {
        "safe-buffer": "^5.0.1"
      }
    },
    "tweetnacl": {
      "version": "0.14.5",
      "resolved": "https://registry.npm.taobao.org/tweetnacl/download/tweetnacl-0.14.5.tgz?cache=0&sync_timestamp=1581364183265&other_urls=https%3A%2F%2Fregistry.npm.taobao.org%2Ftweetnacl%2Fdownload%2Ftweetnacl-0.14.5.tgz",
      "integrity": "sha1-WuaBd/GS1EViadEIr6k/+HQ/T2Q=",
      "dev": true
    },
    "type-fest": {
      "version": "0.11.0",
      "resolved": "https://registry.npm.taobao.org/type-fest/download/type-fest-0.11.0.tgz",
      "integrity": "sha1-l6vwhyMQ/tiKXEZrJWgVdhReM/E=",
      "dev": true
    },
    "uri-js": {
      "version": "4.2.2",
      "resolved": "https://registry.npm.taobao.org/uri-js/download/uri-js-4.2.2.tgz",
      "integrity": "sha1-lMVA4f93KVbiKZUHwBCupsiDjrA=",
      "dev": true,
      "requires": {
        "punycode": "^2.1.0"
      }
    },
    "uuid": {
      "version": "3.4.0",
      "resolved": "https://registry.npm.taobao.org/uuid/download/uuid-3.4.0.tgz?cache=0&sync_timestamp=1585683716423&other_urls=https%3A%2F%2Fregistry.npm.taobao.org%2Fuuid%2Fdownload%2Fuuid-3.4.0.tgz",
      "integrity": "sha1-sj5DWK+oogL+ehAK8fX4g/AgB+4=",
      "dev": true
    },
    "verror": {
      "version": "1.10.0",
      "resolved": "https://registry.npm.taobao.org/verror/download/verror-1.10.0.tgz",
      "integrity": "sha1-OhBcoXBTr1XW4nDB+CiGguGNpAA=",
      "dev": true,
      "requires": {
        "assert-plus": "^1.0.0",
        "core-util-is": "1.0.2",
        "extsprintf": "^1.2.0"
      }
    },
    "which-module": {
      "version": "2.0.0",
      "resolved": "https://registry.npm.taobao.org/which-module/download/which-module-2.0.0.tgz",
      "integrity": "sha1-2e8H3Od7mQK4o6j6SzHD4/fm6Ho=",
      "dev": true
    },
    "wrap-ansi": {
      "version": "6.2.0",
      "resolved": "https://registry.npm.taobao.org/wrap-ansi/download/wrap-ansi-6.2.0.tgz",
      "integrity": "sha1-6Tk7oHEC5skaOyIUePAlfNKFblM=",
      "dev": true,
      "requires": {
        "ansi-styles": "^4.0.0",
        "string-width": "^4.1.0",
        "strip-ansi": "^6.0.0"
      }
    },
    "y18n": {
      "version": "4.0.0",
      "resolved": "https://registry.npm.taobao.org/y18n/download/y18n-4.0.0.tgz",
      "integrity": "sha1-le+U+F7MgdAHwmThkKEg8KPIVms=",
      "dev": true
    },
    "yargs": {
      "version": "15.3.1",
      "resolved": "https://registry.npm.taobao.org/yargs/download/yargs-15.3.1.tgz?cache=0&other_urls=https%3A%2F%2Fregistry.npm.taobao.org%2Fyargs%2Fdownload%2Fyargs-15.3.1.tgz",
      "integrity": "sha1-lQW0cnY5Y+VK/mAUitJ6MwgY6Ys=",
      "dev": true,
      "requires": {
        "cliui": "^6.0.0",
        "decamelize": "^1.2.0",
        "find-up": "^4.1.0",
        "get-caller-file": "^2.0.1",
        "require-directory": "^2.1.1",
        "require-main-filename": "^2.0.0",
        "set-blocking": "^2.0.0",
        "string-width": "^4.2.0",
        "which-module": "^2.0.0",
        "y18n": "^4.0.0",
        "yargs-parser": "^18.1.1"
      }
    },
    "yargs-parser": {
      "version": "18.1.2",
      "resolved": "https://registry.npm.taobao.org/yargs-parser/download/yargs-parser-18.1.2.tgz",
      "integrity": "sha1-L0gr6iE2294IYWg6vqd1bTC1BPE=",
      "dev": true,
      "requires": {
        "camelcase": "^5.0.0",
        "decamelize": "^1.2.0"
      }
    }
  }
}
